%{
  "abnf_parsec": {:hex, :abnf_parsec, "2.1.0", "c4e88d5d089f1698297c0daced12be1fb404e6e577ecf261313ebba5477941f9", [:mix], [{:nimble_parsec, "~> 1.4", [hex: :nimble_parsec, repo: "hexpm", optional: false]}], "hexpm", "e0ed6290c7cc7e5020c006d1003520390c9bdd20f7c3f776bd49bfe3c5cd362a"},
  "bunt": {:hex, :bunt, "1.0.0", "081c2c665f086849e6d57900292b3a161727ab40431219529f13c4ddcf3e7a44", [:mix], [], "hexpm", "dc5f86aa08a5f6fa6b8096f0735c4e76d54ae5c9fa2c143e5a1fc7c1cd9bb6b5"},
  "castore": {:hex, :castore, "1.0.18", "5e43ef0ec7d31195dfa5a65a86e6131db999d074179d2ba5a8de11fe14570f55", [:mix], [], "hexpm", "f393e4fe6317829b158fb74d86eb681f737d2fe326aa61ccf6293c4104957e34"},
  "complex": {:hex, :complex, "0.6.0", "b0130086a7a8c33574d293b2e0e250f4685580418eac52a5658a4bd148f3ccf1", [:mix], [], "hexpm", "0a5fa95580dcaf30fcd60fe1aaf24327c0fe401e98c24d892e172e79498269f9"},
  "cowlib": {:hex, :cowlib, "2.16.0", "54592074ebbbb92ee4746c8a8846e5605052f29309d3a873468d76cdf932076f", [:make, :rebar3], [], "hexpm", "7f478d80d66b747344f0ea7708c187645cfcc08b11aa424632f78e25bf05db51"},
  "credo": {:hex, :credo, "1.7.18", "5c5596bf7aedf9c8c227f13272ac499fe8eae6237bd326f2f07dfc173786f042", [:mix], [{:bunt, "~> 0.2.1 or ~> 1.0", [hex: :bunt, repo: "hexpm", optional: false]}, {:file_system, "~> 0.2 or ~> 1.0", [hex: :file_system, repo: "hexpm", optional: false]}, {:jason, "~> 1.0", [hex: :jason, repo: "hexpm", optional: false]}], "hexpm", "a189d164685fd945809e862fe76a7420c4398fa288d76257662aecb909d6b3e5"},
  "deep_merge": {:hex, :deep_merge, "1.0.0", "b4aa1a0d1acac393bdf38b2291af38cb1d4a52806cf7a4906f718e1feb5ee961", [:mix], [], "hexpm", "ce708e5f094b9cd4e8f2be4f00d2f4250c4095be93f8cd6d018c753894885430"},
  "dotenvy": {:hex, :dotenvy, "1.1.1", "00e318f3c51de9fafc4b48598447e386f19204dc18ca69886905bb8f8b08b667", [:mix], [], "hexpm", "c8269471b5701e9e56dc86509c1199ded2b33dce088c3471afcfef7839766d8e"},
  "ex_aws_auth": {:hex, :ex_aws_auth, "1.3.1", "3963992d6f7cb251b53573603c3615cec70c3f4d86199fdb865ff440295ef7a4", [:mix], [{:jason, "~> 1.4", [hex: :jason, repo: "hexpm", optional: true]}, {:req, "~> 0.5", [hex: :req, repo: "hexpm", optional: true]}], "hexpm", "025793aa08fa419aabdb652db60edbdb2e12346bd447988a1bb5854c4dd64903"},
  "file_system": {:hex, :file_system, "1.1.1", "31864f4685b0148f25bd3fbef2b1228457c0c89024ad67f7a81a3ffbc0bbad3a", [:mix], [], "hexpm", "7a15ff97dfe526aeefb090a7a9d3d03aa907e100e262a0f8f7746b78f8f87a5d"},
  "finch": {:hex, :finch, "0.21.0", "b1c3b2d48af02d0c66d2a9ebfb5622be5c5ecd62937cf79a88a7f98d48a8290c", [:mix], [{:mime, "~> 1.0 or ~> 2.0", [hex: :mime, repo: "hexpm", optional: false]}, {:mint, "~> 1.6.2 or ~> 1.7", [hex: :mint, repo: "hexpm", optional: false]}, {:nimble_options, "~> 0.4 or ~> 1.0", [hex: :nimble_options, repo: "hexpm", optional: false]}, {:nimble_pool, "~> 1.1", [hex: :nimble_pool, repo: "hexpm", optional: false]}, {:telemetry, "~> 0.4 or ~> 1.0", [hex: :telemetry, repo: "hexpm", optional: false]}], "hexpm", "87dc6e169794cb2570f75841a19da99cfde834249568f2a5b121b809588a4377"},
  "gun": {:hex, :gun, "2.2.0", "b8f6b7d417e277d4c2b0dc3c07dfdf892447b087f1cc1caff9c0f556b884e33d", [:make, :rebar3], [{:cowlib, ">= 2.15.0 and < 3.0.0", [hex: :cowlib, repo: "hexpm", optional: false]}], "hexpm", "76022700c64287feb4df93a1795cff6741b83fb37415c40c34c38d2a4645261a"},
  "hpax": {:hex, :hpax, "1.0.3", "ed67ef51ad4df91e75cc6a1494f851850c0bd98ebc0be6e81b026e765ee535aa", [:mix], [], "hexpm", "8eab6e1cfa8d5918c2ce4ba43588e894af35dbd8e91e6e55c817bca5847df34a"},
  "idna": {:hex, :idna, "7.1.0", "1067a13043538129602d2f2ce6899d8713125c7d19734aa557ce2e3ea55bd4f1", [:rebar3], [], "hexpm", "6ae959a025bf36df61a8cab8508d9654891b5426a84c44d82deaffd6ddf8c71f"},
  "jason": {:hex, :jason, "1.4.4", "b9226785a9aa77b6857ca22832cffa5d5011a667207eb2a0ad56adb5db443b8a", [:mix], [{:decimal, "~> 1.0 or ~> 2.0", [hex: :decimal, repo: "hexpm", optional: true]}], "hexpm", "c5eb0cab91f094599f94d55bc63409236a8ec69a21a67814529e8d5f6cc90b3b"},
  "jsv": {:hex, :jsv, "0.18.3", "a65e60a21c239f9394e790290c236ae0603a886c98aac5556d498116377a6218", [:mix], [{:abnf_parsec, "~> 2.0", [hex: :abnf_parsec, repo: "hexpm", optional: false]}, {:decimal, "~> 2.0", [hex: :decimal, repo: "hexpm", optional: true]}, {:idna, "~> 6.0 or ~> 7.0", [hex: :idna, repo: "hexpm", optional: false]}, {:jason, "~> 1.0", [hex: :jason, repo: "hexpm", optional: true]}, {:nimble_options, "~> 1.0", [hex: :nimble_options, repo: "hexpm", optional: false]}, {:poison, ">= 3.0.0 and < 7.0.0", [hex: :poison, repo: "hexpm", optional: true]}, {:texture, "~> 0.3", [hex: :texture, repo: "hexpm", optional: false]}], "hexpm", "7326a03a23a13bac1968c060f7410fac4610d850132d65a3fb5fc1a4ba9c9c70"},
  "llm_db": {:hex, :llm_db, "2026.4.8", "402ba69f4281e964e885aa465eebbb72b2f74aadc88c631ffe4a6ddd6a5d62b6", [:mix], [{:deep_merge, "~> 1.0", [hex: :deep_merge, repo: "hexpm", optional: false]}, {:dotenvy, "~> 1.1", [hex: :dotenvy, repo: "hexpm", optional: false]}, {:igniter, "~> 0.7", [hex: :igniter, repo: "hexpm", optional: true]}, {:jason, "~> 1.4", [hex: :jason, repo: "hexpm", optional: false]}, {:req, "~> 0.5", [hex: :req, repo: "hexpm", optional: false]}, {:toml, "~> 0.7", [hex: :toml, repo: "hexpm", optional: false]}, {:zoi, "~> 0.10", [hex: :zoi, repo: "hexpm", optional: false]}], "hexpm", "d34d1ff9931572e74873a3d7e6334efed1f0fe8e9a85e2c283c02b8970cee525"},
  "mime": {:hex, :mime, "2.0.7", "b8d739037be7cd402aee1ba0306edfdef982687ee7e9859bee6198c1e7e2f128", [:mix], [], "hexpm", "6171188e399ee16023ffc5b76ce445eb6d9672e2e241d2df6050f3c771e80ccd"},
  "mint": {:hex, :mint, "1.7.1", "113fdb2b2f3b59e47c7955971854641c61f378549d73e829e1768de90fc1abf1", [:mix], [{:castore, "~> 0.1.0 or ~> 1.0", [hex: :castore, repo: "hexpm", optional: true]}, {:hpax, "~> 0.1.1 or ~> 0.2.0 or ~> 1.0", [hex: :hpax, repo: "hexpm", optional: false]}], "hexpm", "fceba0a4d0f24301ddee3024ae116df1c3f4bb7a563a731f45fdfeb9d39a231b"},
  "nimble_options": {:hex, :nimble_options, "1.1.1", "e3a492d54d85fc3fd7c5baf411d9d2852922f66e69476317787a7b2bb000a61b", [:mix], [], "hexpm", "821b2470ca9442c4b6984882fe9bb0389371b8ddec4d45a9504f00a66f650b44"},
  "nimble_parsec": {:hex, :nimble_parsec, "1.4.2", "8efba0122db06df95bfaa78f791344a89352ba04baedd3849593bfce4d0dc1c6", [:mix], [], "hexpm", "4b21398942dda052b403bbe1da991ccd03a053668d147d53fb8c4e0efe09c973"},
  "nimble_pool": {:hex, :nimble_pool, "1.1.0", "bf9c29fbdcba3564a8b800d1eeb5a3c58f36e1e11d7b7fb2e084a643f645f06b", [:mix], [], "hexpm", "af2e4e6b34197db81f7aad230c1118eac993acc0dae6bc83bac0126d4ae0813a"},
  "nx": {:hex, :nx, "0.11.0", "d37723dbd6cfa274a5def6d6664f5680c32e2eb8a1ce25ec6d91751967fa0abf", [:mix], [{:complex, "~> 0.6", [hex: :complex, repo: "hexpm", optional: false]}, {:telemetry, "~> 0.4.0 or ~> 1.0", [hex: :telemetry, repo: "hexpm", optional: false]}], "hexpm", "36157b21239aeb251d6cbac23eb0eb3495a5e1e0cbc2e6df16afd2ede1575205"},
  "ortex": {:hex, :ortex, "0.1.10", "0ad481ae931773144da9bef3d05d42241a3dfaf5e158168a8fe92c1d319a18c9", [:mix], [{:nx, "~> 0.6", [hex: :nx, repo: "hexpm", optional: false]}, {:rustler, "~> 0.27", [hex: :rustler, repo: "hexpm", optional: false]}], "hexpm", "4d78baf17bacc716e7576b79bc7d8ded66789f922dd16752afbe58dd371f83c8"},
  "req": {:hex, :req, "0.5.17", "0096ddd5b0ed6f576a03dde4b158a0c727215b15d2795e59e0916c6971066ede", [:mix], [{:brotli, "~> 0.3.1", [hex: :brotli, repo: "hexpm", optional: true]}, {:ezstd, "~> 1.0", [hex: :ezstd, repo: "hexpm", optional: true]}, {:finch, "~> 0.17", [hex: :finch, repo: "hexpm", optional: false]}, {:jason, "~> 1.0", [hex: :jason, repo: "hexpm", optional: false]}, {:mime, "~> 2.0.6 or ~> 2.1", [hex: :mime, repo: "hexpm", optional: false]}, {:nimble_csv, "~> 1.0", [hex: :nimble_csv, repo: "hexpm", optional: true]}, {:plug, "~> 1.0", [hex: :plug, repo: "hexpm", optional: true]}], "hexpm", "0b8bc6ffdfebbc07968e59d3ff96d52f2202d0536f10fef4dc11dc02a2a43e39"},
  "req_llm": {:hex, :req_llm, "1.11.0", "56c823e40e1409ef7f8d972301058277671161262ca9201db8c5b531a33f25ae", [:mix], [{:dotenvy, "~> 1.1", [hex: :dotenvy, repo: "hexpm", optional: false]}, {:ex_aws_auth, "~> 1.3", [hex: :ex_aws_auth, repo: "hexpm", optional: false]}, {:igniter, "~> 0.7", [hex: :igniter, repo: "hexpm", optional: true]}, {:jason, "~> 1.4", [hex: :jason, repo: "hexpm", optional: false]}, {:jsv, "~> 0.11", [hex: :jsv, repo: "hexpm", optional: false]}, {:llm_db, "~> 2026.4.0", [hex: :llm_db, repo: "hexpm", optional: false]}, {:nimble_options, "~> 1.1", [hex: :nimble_options, repo: "hexpm", optional: false]}, {:req, "~> 0.5", [hex: :req, repo: "hexpm", optional: false]}, {:server_sent_events, "~> 1.0.0", [hex: :server_sent_events, repo: "hexpm", optional: false]}, {:splode, "~> 0.3.0", [hex: :splode, repo: "hexpm", optional: false]}, {:uniq, "~> 0.6", [hex: :uniq, repo: "hexpm", optional: false]}, {:websockex, "~> 0.5.1", [hex: :websockex, repo: "hexpm", optional: false]}, {:zoi, "~> 0.14", [hex: :zoi, repo: "hexpm", optional: false]}], "hexpm", "81118f324632e60d7641911eb97d01798129fb480d04a860ba6007507b866671"},
  "rustler": {:hex, :rustler, "0.37.3", "5f4e6634d43b26f0a69834dd1d3ed4e1710b022a053bf4a670220c9540c92602", [:mix], [{:jason, "~> 1.0", [hex: :jason, repo: "hexpm", optional: false]}], "hexpm", "a6872c6f53dcf00486d1e7f9e046e20e01bf1654bdacc4193016c2e8002b32a2"},
  "rustler_precompiled": {:hex, :rustler_precompiled, "0.9.0", "3a052eda09f3d2436364645cc1f13279cf95db310eb0c17b0d8f25484b233aa0", [:mix], [{:rustler, "~> 0.23", [hex: :rustler, repo: "hexpm", optional: true]}], "hexpm", "471d97315bd3bf7b64623418b3693eedd8e47de3d1cb79a0ac8f9da7d770d94c"},
  "server_sent_events": {:hex, :server_sent_events, "1.0.0", "e82089ac6b93ebd3c0562fd728492bbe4b5140678ffc891abfa8cce717c2c1ff", [:mix], [], "hexpm", "7899caea3e27850549f671fc9e6c53d55a8e6a78474f6b9623820aae6bb41ec7"},
  "splode": {:hex, :splode, "0.3.1", "9843c54f84f71b7833fec3f0be06c3cfb5be6b35960ee195ea4fad84b1c25030", [:mix], [], "hexpm", "8f2309b6ec2ecbb01435656429ed1d9ed04ba28797a3280c3b0d1217018ecfbd"},
  "telemetry": {:hex, :telemetry, "1.4.1", "ab6de178e2b29b58e8256b92b382ea3f590a47152ca3651ea857a6cae05ac423", [:rebar3], [], "hexpm", "2172e05a27531d3d31dd9782841065c50dd5c3c7699d95266b2edd54c2dafa1c"},
  "texture": {:hex, :texture, "0.3.2", "ca68fc2804ce05ffe33cded85d69b5ebadb0828233227accfe3c574e34fd4e3f", [:mix], [{:abnf_parsec, "~> 2.0", [hex: :abnf_parsec, repo: "hexpm", optional: false]}], "hexpm", "43bb1069d9cf4309ed6f0ff65ade787a76f986b821ab29d1c96b5b5102cb769c"},
  "tokenizers": {:hex, :tokenizers, "0.5.1", "b0975d92b4ee5b18e8f47b5d65b9d5f1e583d9130189b1a2620401af4e7d4b35", [:mix], [{:castore, "~> 0.1 or ~> 1.0", [hex: :castore, repo: "hexpm", optional: false]}, {:rustler, ">= 0.0.0", [hex: :rustler, repo: "hexpm", optional: true]}, {:rustler_precompiled, "~> 0.6", [hex: :rustler_precompiled, repo: "hexpm", optional: false]}], "hexpm", "5f08d97cc7f2ed3d71d370d68120da6d3de010948ccf676c9c0eb591ba4bacc9"},
  "toml": {:hex, :toml, "0.7.0", "fbcd773caa937d0c7a02c301a1feea25612720ac3fa1ccb8bfd9d30d822911de", [:mix], [], "hexpm", "0690246a2478c1defd100b0c9b89b4ea280a22be9a7b313a8a058a2408a2fa70"},
  "uniq": {:hex, :uniq, "0.6.2", "51846518c037134c08bc5b773468007b155e543d53c8b39bafe95b0af487e406", [:mix], [{:ecto, "~> 3.0", [hex: :ecto, repo: "hexpm", optional: true]}], "hexpm", "95aa2a41ea331ef0a52d8ed12d3e730ef9af9dbc30f40646e6af334fbd7bc0fc"},
  "websockex": {:hex, :websockex, "0.5.1", "9de28d37bbe34f371eb46e29b79c94c94fff79f93c960d842fbf447253558eb4", [:mix], [{:telemetry, "~> 1.0", [hex: :telemetry, repo: "hexpm", optional: false]}], "hexpm", "8ef39576ed56bc3804c9cd8626f8b5d6b5721848d2726c0ccd4f05385a3c9f14"},
  "yamerl": {:hex, :yamerl, "0.10.0", "4ff81fee2f1f6a46f1700c0d880b24d193ddb74bd14ef42cb0bcf46e81ef2f8e", [:rebar3], [], "hexpm", "346adb2963f1051dc837a2364e4acf6eb7d80097c0f53cbdc3046ec8ec4b4e6e"},
  "zoi": {:hex, :zoi, "0.18.1", "e7c3310d7042e8e6aeeb8c05257ff3cd8807f187d5dfe1922e8a4c40609f9f4a", [:mix], [{:decimal, "~> 2.0", [hex: :decimal, repo: "hexpm", optional: true]}, {:phoenix_html, "~> 2.14.2 or ~> 3.0 or ~> 4.1", [hex: :phoenix_html, repo: "hexpm", optional: true]}], "hexpm", "4a8f35da636d1afc7a2a521f951ce913592fe0b2d3bcdca1bd6d0624f9c464a0"},
}
